<?xml version="1.0" encoding="utf-8"?>
<Project ToolsVersion="4.0" xmlns="http://schemas.microsoft.com/developer/msbuild/2003">
  <ItemGroup>
    <Filter Include="Archivos de origen">
      <UniqueIdentifier>{4FC737F1-C7A5-4376-A066-2A32D752A2FF}</UniqueIdentifier>
      <Extensions>cpp;c;cc;cxx;c++;cppm;ixx;def;odl;idl;hpj;bat;asm;asmx</Extensions>
    </Filter>
    <Filter Include="Archivos de encabezado">
      <UniqueIdentifier>{93995380-89BD-4b04-88EB-625FBE52EBFB}</UniqueIdentifier>
      <Extensions>h;hh;hpp;hxx;h++;hm;inl;inc;ipp;xsd</Extensions>
    </Filter>
    <Filter Include="Archivos de recursos">
      <UniqueIdentifier>{67DA6AB6-F800-4c08-8B7A-83BB121AAD01}</UniqueIdentifier>
      <Extensions>rc;ico;cur;bmp;dlg;rc2;rct;bin;rgs;gif;jpg;jpeg;jpe;resx;tiff;tif;png;wav;mfcribbon-ms</Extensions>
    </Filter>
  </ItemGroup>
  <ItemGroup>
    <ClInclude Include="pch.h">
      <Filter>Archivos de encabezado</Filter>
    </ClInclude>
    <ClInclude Include="front\back\misc\imgui\backends\imconfig.h">
      <Filter>Archivos de encabezado</Filter>
    </ClInclude>
    <ClInclude Include="front\back\misc\imgui\backends\imgui.h">
      <Filter>Archivos de encabezado</Filter>
    </ClInclude>
    <ClInclude Include="front\back\misc\imgui\backends\imgui_internal.h">
      <Filter>Archivos de encabezado</Filter>
    </ClInclude>
    <ClInclude Include="front\back\misc\imgui\backends\imgui_impl_opengl3_loader.h">
      <Filter>Archivos de encabezado</Filter>
    </ClInclude>
    <ClInclude Include="front\back\misc\imgui\backends\imgui_impl_win32.h">
      <Filter>Archivos de encabezado</Filter>
    </ClInclude>
    <ClInclude Include="front\back\misc\imgui\backends\imstb_rectpack.h">
      <Filter>Archivos de encabezado</Filter>
    </ClInclude>
    <ClInclude Include="front\back\misc\imgui\backends\imstb_textedit.h">
      <Filter>Archivos de encabezado</Filter>
    </ClInclude>
    <ClInclude Include="front\back\misc\imgui\backends\imstb_truetype.h">
      <Filter>Archivos de encabezado</Filter>
    </ClInclude>
    <ClInclude Include="front\back\misc\imgui\backends\imgui_impl_opengl3.h">
      <Filter>Archivos de encabezado</Filter>
    </ClInclude>
    <ClInclude Include="front\back\misc\minhook\src\hde\table64.h">
      <Filter>Archivos de encabezado</Filter>
    </ClInclude>
    <ClInclude Include="front\back\misc\minhook\src\hde\table32.h">
      <Filter>Archivos de encabezado</Filter>
    </ClInclude>
    <ClInclude Include="front\back\misc\minhook\src\hde\pstdint.h">
      <Filter>Archivos de encabezado</Filter>
    </ClInclude>
    <ClInclude Include="front\back\misc\minhook\include\MinHook.h">
      <Filter>Archivos de encabezado</Filter>
    </ClInclude>
    <ClInclude Include="front\back\misc\minhook\src\hde\hde64.h">
      <Filter>Archivos de encabezado</Filter>
    </ClInclude>
    <ClInclude Include="front\back\misc\minhook\src\hde\hde32.h">
      <Filter>Archivos de encabezado</Filter>
    </ClInclude>
    <ClInclude Include="front\back\misc\minhook\src\trampoline.h">
      <Filter>Archivos de encabezado</Filter>
    </ClInclude>
    <ClInclude Include="front\back\misc\minhook\src\buffer.h">
      <Filter>Archivos de encabezado</Filter>
    </ClInclude>
    <ClInclude Include="front\back\misc\sdk.hpp">
      <Filter>Archivos de encabezado</Filter>
    </ClInclude>
    <ClInclude Include="front\front\features\features.hpp">
      <Filter>Archivos de encabezado</Filter>
    </ClInclude>
    <ClInclude Include="front\front\mapper\mapper.hpp">
      <Filter>Archivos de encabezado</Filter>
    </ClInclude>
    <ClInclude Include="front\front\hooks\hooks.hpp">
      <Filter>Archivos de encabezado</Filter>
    </ClInclude>
    <ClInclude Include="interface\altmanager\alt_auth.hh">
      <Filter>Archivos de encabezado</Filter>
    </ClInclude>
    <ClInclude Include="jnihook\include\jnihook.h">
      <Filter>Archivos de encabezado</Filter>
    </ClInclude>
    <ClInclude Include="front\front\helper\blur\gl_blur.hpp">
      <Filter>Archivos de encabezado</Filter>
    </ClInclude>
    <ClInclude Include="front\back\misc\imgui\fonts\font_manager.h">
      <Filter>Archivos de encabezado</Filter>
    </ClInclude>
    <ClInclude Include="front\back\misc\imgui\misc\freetype\imgui_freetype.h">
      <Filter>Archivos de encabezado</Filter>
    </ClInclude>
    <ClInclude Include="front\back\misc\imgui\fonts\Montserrat-SemiBold.h">
      <Filter>Archivos de encabezado</Filter>
    </ClInclude>
    <ClInclude Include="interface\gui\gui.h">
      <Filter>Archivos de encabezado</Filter>
    </ClInclude>
    <ClInclude Include="userconfig\userconfig.h">
      <Filter>Archivos de encabezado</Filter>
    </ClInclude>
    <ClInclude Include="interface\altmanager\altmanager.h">
      <Filter>Archivos de encabezado</Filter>
    </ClInclude>
  </ItemGroup>
  <ItemGroup>
    <ClCompile Include="pch.cpp">
      <Filter>Archivos de origen</Filter>
    </ClCompile>
    <ClCompile Include="front\back\misc\imgui\imgui.cpp">
      <Filter>Archivos de origen</Filter>
    </ClCompile>
    <ClCompile Include="front\back\misc\imgui\imgui_draw.cpp">
      <Filter>Archivos de origen</Filter>
    </ClCompile>
    <ClCompile Include="front\back\misc\imgui\imgui_tables.cpp">
      <Filter>Archivos de origen</Filter>
    </ClCompile>
    <ClCompile Include="front\back\misc\imgui\imgui_widgets.cpp">
      <Filter>Archivos de origen</Filter>
    </ClCompile>
    <ClCompile Include="front\back\misc\imgui\imgui_impl_win32.cpp">
      <Filter>Archivos de origen</Filter>
    </ClCompile>
    <ClCompile Include="front\back\misc\minhook\src\trampoline.c">
      <Filter>Archivos de origen</Filter>
    </ClCompile>
    <ClCompile Include="front\back\misc\minhook\src\hook.c">
      <Filter>Archivos de origen</Filter>
    </ClCompile>
    <ClCompile Include="front\back\misc\minhook\src\hde\hde64.c">
      <Filter>Archivos de origen</Filter>
    </ClCompile>
    <ClCompile Include="front\back\misc\minhook\src\hde\hde32.c">
      <Filter>Archivos de origen</Filter>
    </ClCompile>
    <ClCompile Include="front\back\misc\minhook\src\buffer.c">
      <Filter>Archivos de origen</Filter>
    </ClCompile>
    <ClCompile Include="front\back\misc\sdk.cpp">
      <Filter>Archivos de origen</Filter>
    </ClCompile>
    <ClCompile Include="front\front\features\features.cpp">
      <Filter>Archivos de origen</Filter>
    </ClCompile>
    <ClCompile Include="front\back\misc\imgui\imgui_impl_opengl3.cpp">
      <Filter>Archivos de origen</Filter>
    </ClCompile>
    <ClCompile Include="front\front\mapper\mapper.cpp">
      <Filter>Archivos de origen</Filter>
    </ClCompile>
    <ClCompile Include="front\front\mapper\minecraft\minecraft.cpp">
      <Filter>Archivos de origen</Filter>
    </ClCompile>
    <ClCompile Include="front\front\mapper\player\player.cpp">
      <Filter>Archivos de origen</Filter>
    </ClCompile>
    <ClCompile Include="front\front\mapper\world\world.cpp">
      <Filter>Archivos de origen</Filter>
    </ClCompile>
    <ClCompile Include="front\front\mapper\vec3\vec3.cpp">
      <Filter>Archivos de origen</Filter>
    </ClCompile>
    <ClCompile Include="front\front\mapper\timer\timer.cpp">
      <Filter>Archivos de origen</Filter>
    </ClCompile>
    <ClCompile Include="front\front\mapper\settings\settings.cpp">
      <Filter>Archivos de origen</Filter>
    </ClCompile>
    <ClCompile Include="front\front\mapper\render_manager\render_manager.cpp">
      <Filter>Archivos de origen</Filter>
    </ClCompile>
    <ClCompile Include="front\front\mapper\moving_object_position\moving_object_position.cpp">
      <Filter>Archivos de origen</Filter>
    </ClCompile>
    <ClCompile Include="front\front\mapper\item_stack\item_stack.cpp">
      <Filter>Archivos de origen</Filter>
    </ClCompile>
    <ClCompile Include="front\front\mapper\item\item.cpp">
      <Filter>Archivos de origen</Filter>
    </ClCompile>
    <ClCompile Include="front\front\mapper\gui_screen\gui_screen.cpp">
      <Filter>Archivos de origen</Filter>
    </ClCompile>
    <ClCompile Include="front\front\features\combat\AutoClick.cpp">
      <Filter>Archivos de origen</Filter>
    </ClCompile>
    <ClCompile Include="front\front\features\combat\AimAssist.cpp">
      <Filter>Archivos de origen</Filter>
    </ClCompile>
    <ClCompile Include="front\front\features\visual\Arraylist.cpp">
      <Filter>Archivos de origen</Filter>
    </ClCompile>
    <ClCompile Include="front\front\hooks\hooks.cpp">
      <Filter>Archivos de origen</Filter>
    </ClCompile>
    <ClCompile Include="front\front\hooks\swap_buffers\swap_buffers.cpp">
      <Filter>Archivos de origen</Filter>
    </ClCompile>
    <ClCompile Include="front\front\features\combat\Reach.cpp">
      <Filter>Archivos de origen</Filter>
    </ClCompile>
    <ClCompile Include="front\front\features\misc\Friends.cpp">
      <Filter>Archivos de origen</Filter>
    </ClCompile>
    <ClCompile Include="front\front\features\combat\Velocity.cpp">
      <Filter>Archivos de origen</Filter>
    </ClCompile>
    <ClCompile Include="front\front\features\latency\Blink.cpp">
      <Filter>Archivos de origen</Filter>
    </ClCompile>
    <ClCompile Include="front\front\features\misc\FastPlace.cpp">
      <Filter>Archivos de origen</Filter>
    </ClCompile>
    <ClCompile Include="front\front\hooks\send\send.cpp">
      <Filter>Archivos de origen</Filter>
    </ClCompile>
    <ClCompile Include="front\front\features\Movement\NoJumpDelay.cpp">
      <Filter>Archivos de origen</Filter>
    </ClCompile>
    <ClCompile Include="front\front\features\Movement\NoSlow.cpp">
      <Filter>Archivos de origen</Filter>
    </ClCompile>
    <ClCompile Include="front\front\features\visual\Nametags.cpp">
      <Filter>Archivos de origen</Filter>
    </ClCompile>
    <ClCompile Include="front\front\features\visual\HitMarkers.cpp">
      <Filter>Archivos de origen</Filter>
    </ClCompile>
    <ClCompile Include="front\front\features\visual\outline.cpp">
      <Filter>Archivos de origen</Filter>
    </ClCompile>
    <ClCompile Include="front\front\features\visual\ESP.cpp">
      <Filter>Archivos de origen</Filter>
    </ClCompile>
    <ClCompile Include="front\front\features\visual\Tracers.cpp">
      <Filter>Archivos de origen</Filter>
    </ClCompile>
    <ClCompile Include="front\front\hooks\clear\clear.cpp">
      <Filter>Archivos de origen</Filter>
    </ClCompile>
    <ClCompile Include="front\front\features\Movement\NoItemRelease.cpp">
      <Filter>Archivos de origen</Filter>
    </ClCompile>
    <ClCompile Include="front\front\features\visual\visual.cpp">
      <Filter>Archivos de origen</Filter>
    </ClCompile>
    <ClCompile Include="front\front\features\combat\NoHitDelay.cpp">
      <Filter>Archivos de origen</Filter>
    </ClCompile>
    <ClCompile Include="front\front\features\combat\BlockHit.cpp">
      <Filter>Archivos de origen</Filter>
    </ClCompile>
    <ClCompile Include="front\front\features\misc\AutoArmor.cpp">
      <Filter>Archivos de origen</Filter>
    </ClCompile>
    <ClCompile Include="interface\altmanager\alt_auth.cpp">
      <Filter>Archivos de origen</Filter>
    </ClCompile>
    <ClCompile Include="front\back\misc\imgui\misc\freetype\imgui_freetype.cpp">
      <Filter>Archivos de origen</Filter>
    </ClCompile>
    <ClCompile Include="Swift_main.cpp">
      <Filter>Archivos de origen</Filter>
    </ClCompile>
    <ClCompile Include="jnihook\external\jnif\src-libjnif\base.cpp">
      <Filter>Archivos de origen</Filter>
    </ClCompile>
    <ClCompile Include="jnihook\external\jnif\src-libjnif\analysis.cpp">
      <Filter>Archivos de origen</Filter>
    </ClCompile>
    <ClCompile Include="jnihook\external\jnif\src-libjnif\model.cpp">
      <Filter>Archivos de origen</Filter>
    </ClCompile>
    <ClCompile Include="jnihook\external\jnif\src-libjnif\parser.cpp">
      <Filter>Archivos de origen</Filter>
    </ClCompile>
    <ClCompile Include="jnihook\external\jnif\src-libjnif\printer.cpp">
      <Filter>Archivos de origen</Filter>
    </ClCompile>
    <ClCompile Include="jnihook\external\jnif\src-libjnif\stream.cpp">
      <Filter>Archivos de origen</Filter>
    </ClCompile>
    <ClCompile Include="jnihook\external\jnif\src-libjnif\writer.cpp">
      <Filter>Archivos de origen</Filter>
    </ClCompile>
    <ClCompile Include="jnihook\src\jnihook.cpp">
      <Filter>Archivos de origen</Filter>
    </ClCompile>
    <ClCompile Include="jnihook\src\jvm.cpp">
      <Filter>Archivos de origen</Filter>
    </ClCompile>
    <ClCompile Include="jnihook\src\uuid.cpp">
      <Filter>Archivos de origen</Filter>
    </ClCompile>
    <ClCompile Include="interface\w_imgui_port\w_runtime.cpp">
      <Filter>Archivos de origen</Filter>
    </ClCompile>
    <ClCompile Include="front\front\features\misc\ArmorSwitcher.cpp">
      <Filter>Archivos de origen</Filter>
    </ClCompile>
    <ClCompile Include="front\front\features\misc\Macros.cpp">
      <Filter>Archivos de origen</Filter>
    </ClCompile>
    <ClCompile Include="front\front\features\misc\Refill.cpp">
      <Filter>Archivos de origen</Filter>
    </ClCompile>
    <ClCompile Include="front\front\features\Movement\Sprint.cpp">
      <Filter>Archivos de origen</Filter>
    </ClCompile>
    <ClCompile Include="front\front\features\Movement\SnapTap.cpp">
      <Filter>Archivos de origen</Filter>
    </ClCompile>
    <ClCompile Include="front\front\features\Movement\InstantStop.cpp">
      <Filter>Archivos de origen</Filter>
    </ClCompile>
    <ClCompile Include="front\front\helper\nametag\hook_nametag.cpp">
      <Filter>Archivos de origen</Filter>
    </ClCompile>
    <ClCompile Include="front\back\misc\imgui\fonts\font_manager.cpp">
      <Filter>Archivos de origen</Filter>
    </ClCompile>
  </ItemGroup>
  <ItemGroup>
    <None Include="interface\gui\gui.cpp">
      <Filter>Archivos de origen</Filter>
    </None>
    <None Include="userconfig\userconfig.cpp">
      <Filter>Archivos de origen</Filter>
    </None>
    <None Include="interface\altmanager\altmanager.cpp">
      <Filter>Archivos de origen</Filter>
    </None>
  </ItemGroup>
  <ItemGroup>
    <ClCompile Include="front\front\features\misc\RightClicker.cpp"><Filter>Archivos de origen</Filter></ClCompile>
    <ClCompile Include="front\front\features\misc\BridgeAssist.cpp"><Filter>Archivos de origen</Filter></ClCompile>
    <ClCompile Include="front\front\features\combat\clicksounds\ClickSounds.cpp"><Filter>Archivos de origen</Filter></ClCompile>
    <ClInclude Include="front\front\features\misc\InputSupport.hpp"><Filter>Archivos de encabezado</Filter></ClInclude>
    <ClInclude Include="front\front\features\combat\clicksounds\ClickSounds.hpp"><Filter>Archivos de encabezado</Filter></ClInclude>
    <ClInclude Include="front\front\features\combat\clicksounds\SoundData.hpp"><Filter>Archivos de encabezado</Filter></ClInclude>
  </ItemGroup>
  <ItemGroup>
    <ClCompile Include="front\front\features\movement\timerspeed.cpp"><Filter>Archivos de origen</Filter></ClCompile>
    <ClCompile Include="front\front\features\movement\bunnyhop.cpp"><Filter>Archivos de origen</Filter></ClCompile>
  </ItemGroup>
  <ItemGroup><ClCompile Include="front\front\features\misc\BardHelper.cpp"><Filter>Archivos de origen</Filter></ClCompile></ItemGroup>
</Project>
